
Microsoft Visual Studio Solution File, Format Version 12.00
# Visual Studio Version 16
VisualStudioVersion = 16.0.30611.23
MinimumVisualStudioVersion = 10.0.40219.1
Project("{FAE04EC0-301F-11D3-BF4B-00C04F79EFBC}") = "Varijable vjezba 4", "Varijable vjezba 4\Varijable vjezba 4.csproj", "{2AF91683-03E1-4DC3-B06D-8F15C3EB3035}"
EndProject
Global
	GlobalSection(SolutionConfigurationPlatforms) = preSolution
		Debug|Any CPU = Debug|Any CPU
		Release|Any CPU = Release|Any CPU
	EndGlobalSection
	GlobalSection(ProjectConfigurationPlatforms) = postSolution
		{2AF91683-03E1-4DC3-B06D-8F15C3EB3035}.Debug|Any CPU.ActiveCfg = Debug|Any CPU
		{2AF91683-03E1-4DC3-B06D-8F15C3EB3035}.Debug|Any CPU.Build.0 = Debug|Any CPU
		{2AF91683-03E1-4DC3-B06D-8F15C3EB3035}.Release|Any CPU.ActiveCfg = Release|Any CPU
		{2AF91683-03E1-4DC3-B06D-8F15C3EB3035}.Release|Any CPU.Build.0 = Release|Any CPU
	EndGlobalSection
	GlobalSection(SolutionProperties) = preSolution
		HideSolutionNode = FALSE
	EndGlobalSection
	GlobalSection(ExtensibilityGlobals) = postSolution
		SolutionGuid = {772E229D-DAF2-4D2D-8CBA-82A0D18D6B9D}
	EndGlobalSection
EndGlobal
